// !$*UTF8*$!
{
	archiveVersion = 1;
	classes = {
	};
	objectVersion = 56;
	objects = {

/* Begin PBXBuildFile section */
		9A3D27732BE16F65001E8609 /* ColorUtil.swift in Sources */ = {isa = PBXBuildFile; fileRef = 9A3D27722BE16F65001E8609 /* ColorUtil.swift */; };
		9AD178542B8621DA00E16024 /* MaterialetteSwiftApp.swift in Sources */ = {isa = PBXBuildFile; fileRef = 9AD178532B8621DA00E16024 /* MaterialetteSwiftApp.swift */; };
		9AD178582B8621DB00E16024 /* Assets.xcassets in Resources */ = {isa = PBXBuildFile; fileRef = 9AD178572B8621DB00E16024 /* Assets.xcassets */; };
		9AD1785B2B8621DB00E16024 /* Preview Assets.xcassets in Resources */ = {isa = PBXBuildFile; fileRef = 9AD1785A2B8621DB00E16024 /* Preview Assets.xcassets */; };
		9AD178662B8621DB00E16024 /* MaterialetteSwiftTests.swift in Sources */ = {isa = PBXBuildFile; fileRef = 9AD178652B8621DB00E16024 /* MaterialetteSwiftTests.swift */; };
		9AD178702B8621DB00E16024 /* MaterialetteSwiftUITests.swift in Sources */ = {isa = PBXBuildFile; fileRef = 9AD1786F2B8621DB00E16024 /* MaterialetteSwiftUITests.swift */; };
		9AD178722B8621DB00E16024 /* MaterialetteSwiftUITestsLaunchTests.swift in Sources */ = {isa = PBXBuildFile; fileRef = 9AD178712B8621DB00E16024 /* MaterialetteSwiftUITestsLaunchTests.swift */; };
		9AD1787F2B86281F00E16024 /* PaletteView.swift in Sources */ = {isa = PBXBuildFile; fileRef = 9AD1787E2B86281F00E16024 /* PaletteView.swift */; };
		9AD178812B86325900E16024 /* ColorRowView.swift in Sources */ = {isa = PBXBuildFile; fileRef = 9AD178802B86325900E16024 /* ColorRowView.swift */; };
/* End PBXBuildFile section */

/* Begin PBXContainerItemProxy section */
		9AD178622B8621DB00E16024 /* PBXContainerItemProxy */ = {
			isa = PBXContainerItemProxy;
			containerPortal = 9AD178482B8621DA00E16024 /* Project object */;
			proxyType = 1;
			remoteGlobalIDString = 9AD1784F2B8621DA00E16024;
			remoteInfo = MaterialetteSwift;
		};
		9AD1786C2B8621DB00E16024 /* PBXContainerItemProxy */ = {
			isa = PBXContainerItemProxy;
			containerPortal = 9AD178482B8621DA00E16024 /* Project object */;
			proxyType = 1;
			remoteGlobalIDString = 9AD1784F2B8621DA00E16024;
			remoteInfo = MaterialetteSwift;
		};
/* End PBXContainerItemProxy section */

/* Begin PBXFileReference section */
		9A3D27722BE16F65001E8609 /* ColorUtil.swift */ = {isa = PBXFileReference; lastKnownFileType = sourcecode.swift; path = ColorUtil.swift; sourceTree = "<group>"; };
		9AD178502B8621DA00E16024 /* MaterialetteSwift.app */ = {isa = PBXFileReference; explicitFileType = wrapper.application; includeInIndex = 0; path = MaterialetteSwift.app; sourceTree = BUILT_PRODUCTS_DIR; };
		9AD178532B8621DA00E16024 /* MaterialetteSwiftApp.swift */ = {isa = PBXFileReference; lastKnownFileType = sourcecode.swift; path = MaterialetteSwiftApp.swift; sourceTree = "<group>"; };
		9AD178572B8621DB00E16024 /* Assets.xcassets */ = {isa = PBXFileReference; lastKnownFileType = folder.assetcatalog; path = Assets.xcassets; sourceTree = "<group>"; };
		9AD1785A2B8621DB00E16024 /* Preview Assets.xcassets */ = {isa = PBXFileReference; lastKnownFileType = folder.assetcatalog; path = "Preview Assets.xcassets"; sourceTree = "<group>"; };
		9AD1785C2B8621DB00E16024 /* MaterialetteSwift.entitlements */ = {isa = PBXFileReference; lastKnownFileType = text.plist.entitlements; path = MaterialetteSwift.entitlements; sourceTree = "<group>"; };
		9AD178612B8621DB00E16024 /* MaterialetteSwiftTests.xctest */ = {isa = PBXFileReference; explicitFileType = wrapper.cfbundle; includeInIndex = 0; path = MaterialetteSwiftTests.xctest; sourceTree = BUILT_PRODUCTS_DIR; };
		9AD178652B8621DB00E16024 /* MaterialetteSwiftTests.swift */ = {isa = PBXFileReference; lastKnownFileType = sourcecode.swift; path = MaterialetteSwiftTests.swift; sourceTree = "<group>"; };
		9AD1786B2B8621DB00E16024 /* MaterialetteSwiftUITests.xctest */ = {isa = PBXFileReference; explicitFileType = wrapper.cfbundle; includeInIndex = 0; path = MaterialetteSwiftUITests.xctest; sourceTree = BUILT_PRODUCTS_DIR; };
		9AD1786F2B8621DB00E16024 /* MaterialetteSwiftUITests.swift */ = {isa = PBXFileReference; lastKnownFileType = sourcecode.swift; path = MaterialetteSwiftUITests.swift; sourceTree = "<group>"; };
		9AD178712B8621DB00E16024 /* MaterialetteSwiftUITestsLaunchTests.swift */ = {isa = PBXFileReference; lastKnownFileType = sourcecode.swift; path = MaterialetteSwiftUITestsLaunchTests.swift; sourceTree = "<group>"; };
		9AD1787E2B86281F00E16024 /* PaletteView.swift */ = {isa = PBXFileReference; lastKnownFileType = sourcecode.swift; path = PaletteView.swift; sourceTree = "<group>"; };
		9AD178802B86325900E16024 /* ColorRowView.swift */ = {isa = PBXFileReference; lastKnownFileType = sourcecode.swift; path = ColorRowView.swift; sourceTree = "<group>"; };
/* End PBXFileReference section */

/* Begin PBXFrameworksBuildPhase section */
		9AD1784D2B8621DA00E16024 /* Frameworks */ = {
			isa = PBXFrameworksBuildPhase;
			buildActionMask = 2147483647;
			files = (
			);
			runOnlyForDeploymentPostprocessing = 0;
		};
		9AD1785E2B8621DB00E16024 /* Frameworks */ = {
			isa = PBXFrameworksBuildPhase;
			buildActionMask = 2147483647;
			files = (
			);
			runOnlyForDeploymentPostprocessing = 0;
		};
		9AD178682B8621DB00E16024 /* Frameworks */ = {
			isa = PBXFrameworksBuildPhase;
			buildActionMask = 2147483647;
			files = (
			);
			runOnlyForDeploymentPostprocessing = 0;
		};
/* End PBXFrameworksBuildPhase section */

/* Begin PBXGroup section */
		9AD178472B8621DA00E16024 = {
			isa = PBXGroup;
			children = (
				9AD178522B8621DA00E16024 /* MaterialetteSwift */,
				9AD178642B8621DB00E16024 /* MaterialetteSwiftTests */,
				9AD1786E2B8621DB00E16024 /* MaterialetteSwiftUITests */,
				9AD178512B8621DA00E16024 /* Products */,
			);
			sourceTree = "<group>";
		};
		9AD178512B8621DA00E16024 /* Products */ = {
			isa = PBXGroup;
			children = (
				9AD178502B8621DA00E16024 /* MaterialetteSwift.app */,
				9AD178612B8621DB00E16024 /* MaterialetteSwiftTests.xctest */,
				9AD1786B2B8621DB00E16024 /* MaterialetteSwiftUITests.xctest */,
			);
			name = Products;
			sourceTree = "<group>";
		};
		9AD178522B8621DA00E16024 /* MaterialetteSwift */ = {
			isa = PBXGroup;
			children = (
				9AD178532B8621DA00E16024 /* MaterialetteSwiftApp.swift */,
				9AD1787E2B86281F00E16024 /* PaletteView.swift */,
				9AD178802B86325900E16024 /* ColorRowView.swift */,
				9AD178572B8621DB00E16024 /* Assets.xcassets */,
				9AD1785C2B8621DB00E16024 /* MaterialetteSwift.entitlements */,
				9AD178592B8621DB00E16024 /* Preview Content */,
				9A3D27722BE16F65001E8609 /* ColorUtil.swift */,
			);
			path = MaterialetteSwift;
			sourceTree = "<group>";
		};
		9AD178592B8621DB00E16024 /* Preview Content */ = {
			isa = PBXGroup;
			children = (
				9AD1785A2B8621DB00E16024 /* Preview Assets.xcassets */,
			);
			path = "Preview Content";
			sourceTree = "<group>";
		};
		9AD178642B8621DB00E16024 /* MaterialetteSwiftTests */ = {
			isa = PBXGroup;
			children = (
				9AD178652B8621DB00E16024 /* MaterialetteSwiftTests.swift */,
			);
			path = MaterialetteSwiftTests;
			sourceTree = "<group>";
		};
		9AD1786E2B8621DB00E16024 /* MaterialetteSwiftUITests */ = {
			isa = PBXGroup;
			children = (
				9AD1786F2B8621DB00E16024 /* MaterialetteSwiftUITests.swift */,
				9AD178712B8621DB00E16024 /* MaterialetteSwiftUITestsLaunchTests.swift */,
			);
			path = MaterialetteSwiftUITests;
			sourceTree = "<group>";
		};
/* End PBXGroup section */

/* Begin PBXNativeTarget section */
		9AD1784F2B8621DA00E16024 /* MaterialetteSwift */ = {
			isa = PBXNativeTarget;
			buildConfigurationList = 9AD178752B8621DB00E16024 /* Build configuration list for PBXNativeTarget "MaterialetteSwift" */;
			buildPhases = (
				9AD1784C2B8621DA00E16024 /* Sources */,
				9AD1784D2B8621DA00E16024 /* Frameworks */,
				9AD1784E2B8621DA00E16024 /* Resources */,
			);
			buildRules = (
			);
			dependencies = (
			);
			name = MaterialetteSwift;
			productName = MaterialetteSwift;
			productReference = 9AD178502B8621DA00E16024 /* MaterialetteSwift.app */;
			productType = "com.apple.product-type.application";
		};
		9AD178602B8621DB00E16024 /* MaterialetteSwiftTests */ = {
			isa = PBXNativeTarget;
			buildConfigurationList = 9AD178782B8621DB00E16024 /* Build configuration list for PBXNativeTarget "MaterialetteSwiftTests" */;
			buildPhases = (
				9AD1785D2B8621DB00E16024 /* Sources */,
				9AD1785E2B8621DB00E16024 /* Frameworks */,
				9AD1785F2B8621DB00E16024 /* Resources */,
			);
			buildRules = (
			);
			dependencies = (
				9AD178632B8621DB00E16024 /* PBXTargetDependency */,
			);
			name = MaterialetteSwiftTests;
			productName = MaterialetteSwiftTests;
			productReference = 9AD178612B8621DB00E16024 /* MaterialetteSwiftTests.xctest */;
			productType = "com.apple.product-type.bundle.unit-test";
		};
		9AD1786A2B8621DB00E16024 /* MaterialetteSwiftUITests */ = {
			isa = PBXNativeTarget;
			buildConfigurationList = 9AD1787B2B8621DB00E16024 /* Build configuration list for PBXNativeTarget "MaterialetteSwiftUITests" */;
			buildPhases = (
				9AD178672B8621DB00E16024 /* Sources */,
				9AD178682B8621DB00E16024 /* Frameworks */,
				9AD178692B8621DB00E16024 /* Resources */,
			);
			buildRules = (
			);
			dependencies = (
				9AD1786D2B8621DB00E16024 /* PBXTargetDependency */,
			);
			name = MaterialetteSwiftUITests;
			productName = MaterialetteSwiftUITests;
			productReference = 9AD1786B2B8621DB00E16024 /* MaterialetteSwiftUITests.xctest */;
			productType = "com.apple.product-type.bundle.ui-testing";
		};
/* End PBXNativeTarget section */

/* Begin PBXProject section */
		9AD178482B8621DA00E16024 /* Project object */ = {
			isa = PBXProject;
			attributes = {
				BuildIndependentTargetsInParallel = 1;
				LastSwiftUpdateCheck = 1520;
				LastUpgradeCheck = 1530;
				TargetAttributes = {
					9AD1784F2B8621DA00E16024 = {
						CreatedOnToolsVersion = 15.2;
					};
					9AD178602B8621DB00E16024 = {
						CreatedOnToolsVersion = 15.2;
						TestTargetID = 9AD1784F2B8621DA00E16024;
					};
					9AD1786A2B8621DB00E16024 = {
						CreatedOnToolsVersion = 15.2;
						TestTargetID = 9AD1784F2B8621DA00E16024;
					};
				};
			};
			buildConfigurationList = 9AD1784B2B8621DA00E16024 /* Build configuration list for PBXProject "MaterialetteSwift" */;
			compatibilityVersion = "Xcode 14.0";
			developmentRegion = en;
			hasScannedForEncodings = 0;
			knownRegions = (
				en,
				Base,
			);
			mainGroup = 9AD178472B8621DA00E16024;
			productRefGroup = 9AD178512B8621DA00E16024 /* Products */;
			projectDirPath = "";
			projectRoot = "";
			targets = (
				9AD1784F2B8621DA00E16024 /* MaterialetteSwift */,
				9AD178602B8621DB00E16024 /* MaterialetteSwiftTests */,
				9AD1786A2B8621DB00E16024 /* MaterialetteSwiftUITests */,
			);
		};
/* End PBXProject section */

/* Begin PBXResourcesBuildPhase section */
		9AD1784E2B8621DA00E16024 /* Resources */ = {
			isa = PBXResourcesBuildPhase;
			buildActionMask = 2147483647;
			files = (
				9AD1785B2B8621DB00E16024 /* Preview Assets.xcassets in Resources */,
				9AD178582B8621DB00E16024 /* Assets.xcassets in Resources */,
			);
			runOnlyForDeploymentPostprocessing = 0;
		};
		9AD1785F2B8621DB00E16024 /* Resources */ = {
			isa = PBXResourcesBuildPhase;
			buildActionMask = 2147483647;
			files = (
			);
			runOnlyForDeploymentPostprocessing = 0;
		};
		9AD178692B8621DB00E16024 /* Resources */ = {
			isa = PBXResourcesBuildPhase;
			buildActionMask = 2147483647;
			files = (
			);
			runOnlyForDeploymentPostprocessing = 0;
		};
/* End PBXResourcesBuildPhase section */

/* Begin PBXSourcesBuildPhase section */
		9AD1784C2B8621DA00E16024 /* Sources */ = {
			isa = PBXSourcesBuildPhase;
			buildActionMask = 2147483647;
			files = (
				9AD178812B86325900E16024 /* ColorRowView.swift in Sources */,
				9AD1787F2B86281F00E16024 /* PaletteView.swift in Sources */,
				9AD178542B8621DA00E16024 /* MaterialetteSwiftApp.swift in Sources */,
				9A3D27732BE16F65001E8609 /* ColorUtil.swift in Sources */,
			);
			runOnlyForDeploymentPostprocessing = 0;
		};
		9AD1785D2B8621DB00E16024 /* Sources */ = {
			isa = PBXSourcesBuildPhase;
			buildActionMask = 2147483647;
			files = (
				9AD178662B8621DB00E16024 /* MaterialetteSwiftTests.swift in Sources */,
			);
			runOnlyForDeploymentPostprocessing = 0;
		};
		9AD178672B8621DB00E16024 /* Sources */ = {
			isa = PBXSourcesBuildPhase;
			buildActionMask = 2147483647;
			files = (
				9AD178702B8621DB00E16024 /* MaterialetteSwiftUITests.swift in Sources */,
				9AD178722B8621DB00E16024 /* MaterialetteSwiftUITestsLaunchTests.swift in Sources */,
			);
			runOnlyForDeploymentPostprocessing = 0;
		};
/* End PBXSourcesBuildPhase section */

/* Begin PBXTargetDependency section */
		9AD178632B8621DB00E16024 /* PBXTargetDependency */ = {
			isa = PBXTargetDependency;
			target = 9AD1784F2B8621DA00E16024 /* MaterialetteSwift */;
			targetProxy = 9AD178622B8621DB00E16024 /* PBXContainerItemProxy */;
		};
		9AD1786D2B8621DB00E16024 /* PBXTargetDependency */ = {
			isa = PBXTargetDependency;
			target = 9AD1784F2B8621DA00E16024 /* MaterialetteSwift */;
			targetProxy = 9AD1786C2B8621DB00E16024 /* PBXContainerItemProxy */;
		};
/* End PBXTargetDependency section */

/* Begin XCBuildConfiguration section */
		9AD178732B8621DB00E16024 /* Debug */ = {
			isa = XCBuildConfiguration;
			buildSettings = {
				ALWAYS_SEARCH_USER_PATHS = NO;
				ASSETCATALOG_COMPILER_GENERATE_SWIFT_ASSET_SYMBOL_EXTENSIONS = YES;
				CLANG_ANALYZER_NONNULL = YES;
				CLANG_ANALYZER_NUMBER_OBJECT_CONVERSION = YES_AGGRESSIVE;
				CLANG_CXX_LANGUAGE_STANDARD = "gnu++20";
				CLANG_ENABLE_MODULES = YES;
				CLANG_ENABLE_OBJC_ARC = YES;
				CLANG_ENABLE_OBJC_WEAK = YES;
				CLANG_WARN_BLOCK_CAPTURE_AUTORELEASING = YES;
				CLANG_WARN_BOOL_CONVERSION = YES;
				CLANG_WARN_COMMA = YES;
				CLANG_WARN_CONSTANT_CONVERSION = YES;
				CLANG_WARN_DEPRECATED_OBJC_IMPLEMENTATIONS = YES;
				CLANG_WARN_DIRECT_OBJC_ISA_USAGE = YES_ERROR;
				CLANG_WARN_DOCUMENTATION_COMMENTS = YES;
				CLANG_WARN_EMPTY_BODY = YES;
				CLANG_WARN_ENUM_CONVERSION = YES;
				CLANG_WARN_INFINITE_RECURSION = YES;
				CLANG_WARN_INT_CONVERSION = YES;
				CLANG_WARN_NON_LITERAL_NULL_CONVERSION = YES;
				CLANG_WARN_OBJC_IMPLICIT_RETAIN_SELF = YES;
				CLANG_WARN_OBJC_LITERAL_CONVERSION = YES;
				CLANG_WARN_OBJC_ROOT_CLASS = YES_ERROR;
				CLANG_WARN_QUOTED_INCLUDE_IN_FRAMEWORK_HEADER = YES;
				CLANG_WARN_RANGE_LOOP_ANALYSIS = YES;
				CLANG_WARN_STRICT_PROTOTYPES = YES;
				CLANG_WARN_SUSPICIOUS_MOVE = YES;
				CLANG_WARN_UNGUARDED_AVAILABILITY = YES_AGGRESSIVE;
				CLANG_WARN_UNREACHABLE_CODE = YES;
				CLANG_WARN__DUPLICATE_METHOD_MATCH = YES;
				COPY_PHASE_STRIP = NO;
				DEAD_CODE_STRIPPING = YES;
				DEBUG_INFORMATION_FORMAT = dwarf;
				ENABLE_STRICT_OBJC_MSGSEND = YES;
				ENABLE_TESTABILITY = YES;
				ENABLE_USER_SCRIPT_SANDBOXING = YES;
				GCC_C_LANGUAGE_STANDARD = gnu17;
				GCC_DYNAMIC_NO_PIC = NO;
				GCC_NO_COMMON_BLOCKS = YES;
				GCC_OPTIMIZATION_LEVEL = 0;
				GCC_PREPROCESSOR_DEFINITIONS = (
					"DEBUG=1",
					"$(inherited)",
				);
				GCC_WARN_64_TO_32_BIT_CONVERSION = YES;
				GCC_WARN_ABOUT_RETURN_TYPE = YES_ERROR;
				GCC_WARN_UNDECLARED_SELECTOR = YES;
				GCC_WARN_UNINITIALIZED_AUTOS = YES_AGGRESSIVE;
				GCC_WARN_UNUSED_FUNCTION = YES;
				GCC_WARN_UNUSED_VARIABLE = YES;
				LOCALIZATION_PREFERS_STRING_CATALOGS = YES;
				MACOSX_DEPLOYMENT_TARGET = 14.2;
				MTL_ENABLE_DEBUG_INFO = INCLUDE_SOURCE;
				MTL_FAST_MATH = YES;
				ONLY_ACTIVE_ARCH = YES;
				SDKROOT = macosx;
				SWIFT_ACTIVE_COMPILATION_CONDITIONS = "DEBUG $(inherited)";
				SWIFT_OPTIMIZATION_LEVEL = "-Onone";
			};
			name = Debug;
		};
		9AD178742B8621DB00E16024 /* Release */ = {
			isa = XCBuildConfiguration;
			buildSettings = {
				ALWAYS_SEARCH_USER_PATHS = NO;
				ASSETCATALOG_COMPILER_GENERATE_SWIFT_ASSET_SYMBOL_EXTENSIONS = YES;
				CLANG_ANALYZER_NONNULL = YES;
				CLANG_ANALYZER_NUMBER_OBJECT_CONVERSION = YES_AGGRESSIVE;
				CLANG_CXX_LANGUAGE_STANDARD = "gnu++20";
				CLANG_ENABLE_MODULES = YES;
				CLANG_ENABLE_OBJC_ARC = YES;
				CLANG_ENABLE_OBJC_WEAK = YES;
				CLANG_WARN_BLOCK_CAPTURE_AUTORELEASING = YES;
				CLANG_WARN_BOOL_CONVERSION = YES;
				CLANG_WARN_COMMA = YES;
				CLANG_WARN_CONSTANT_CONVERSION = YES;
				CLANG_WARN_DEPRECATED_OBJC_IMPLEMENTATIONS = YES;
				CLANG_WARN_DIRECT_OBJC_ISA_USAGE = YES_ERROR;
				CLANG_WARN_DOCUMENTATION_COMMENTS = YES;
				CLANG_WARN_EMPTY_BODY = YES;
				CLANG_WARN_ENUM_CONVERSION = YES;
				CLANG_WARN_INFINITE_RECURSION = YES;
				CLANG_WARN_INT_CONVERSION = YES;
				CLANG_WARN_NON_LITERAL_NULL_CONVERSION = YES;
				CLANG_WARN_OBJC_IMPLICIT_RETAIN_SELF = YES;
				CLANG_WARN_OBJC_LITERAL_CONVERSION = YES;
				CLANG_WARN_OBJC_ROOT_CLASS = YES_ERROR;
				CLANG_WARN_QUOTED_INCLUDE_IN_FRAMEWORK_HEADER = YES;
				CLANG_WARN_RANGE_LOOP_ANALYSIS = YES;
				CLANG_WARN_STRICT_PROTOTYPES = YES;
				CLANG_WARN_SUSPICIOUS_MOVE = YES;
				CLANG_WARN_UNGUARDED_AVAILABILITY = YES_AGGRESSIVE;
				CLANG_WARN_UNREACHABLE_CODE = YES;
				CLANG_WARN__DUPLICATE_METHOD_MATCH = YES;
				COPY_PHASE_STRIP = NO;
				DEAD_CODE_STRIPPING = YES;
				DEBUG_INFORMATION_FORMAT = "dwarf-with-dsym";
				ENABLE_NS_ASSERTIONS = NO;
				ENABLE_STRICT_OBJC_MSGSEND = YES;
				ENABLE_USER_SCRIPT_SANDBOXING = YES;
				GCC_C_LANGUAGE_STANDARD = gnu17;
				GCC_NO_COMMON_BLOCKS = YES;
				GCC_WARN_64_TO_32_BIT_CONVERSION = YES;
				GCC_WARN_ABOUT_RETURN_TYPE = YES_ERROR;
				GCC_WARN_UNDECLARED_SELECTOR = YES;
				GCC_WARN_UNINITIALIZED_AUTOS = YES_AGGRESSIVE;
				GCC_WARN_UNUSED_FUNCTION = YES;
				GCC_WARN_UNUSED_VARIABLE = YES;
				LOCALIZATION_PREFERS_STRING_CATALOGS = YES;
				MACOSX_DEPLOYMENT_TARGET = 14.2;
				MTL_ENABLE_DEBUG_INFO = NO;
				MTL_FAST_MATH = YES;
				SDKROOT = macosx;
				SWIFT_COMPILATION_MODE = wholemodule;
			};
			name = Release;
		};
		9AD178762B8621DB00E16024 /* Debug */ = {
			isa = XCBuildConfiguration;
			buildSettings = {
				ASSETCATALOG_COMPILER_APPICON_NAME = AppIcon;
				ASSETCATALOG_COMPILER_GLOBAL_ACCENT_COLOR_NAME = AccentColor;
				CODE_SIGN_ENTITLEMENTS = MaterialetteSwift/MaterialetteSwift.entitlements;
				CODE_SIGN_STYLE = Automatic;
				COMBINE_HIDPI_IMAGES = YES;
				CURRENT_PROJECT_VERSION = 1;
				DEAD_CODE_STRIPPING = YES;
				DEVELOPMENT_ASSET_PATHS = "\"MaterialetteSwift/Preview Content\"";
				DEVELOPMENT_TEAM = 4TKLNR8V2J;
				ENABLE_HARDENED_RUNTIME = YES;
				ENABLE_PREVIEWS = YES;
				GENERATE_INFOPLIST_FILE = YES;
				INFOPLIST_KEY_LSApplicationCategoryType = "public.app-category.productivity";
				INFOPLIST_KEY_LSUIElement = YES;
				INFOPLIST_KEY_NSHumanReadableCopyright = "";
				LD_RUNPATH_SEARCH_PATHS = (
					"$(inherited)",
					"@executable_path/../Frameworks",
				);
				MARKETING_VERSION = 1.1.1;
				PRODUCT_BUNDLE_IDENTIFIER = lott.MaterialetteSwift;
				PRODUCT_NAME = "$(TARGET_NAME)";
				SWIFT_EMIT_LOC_STRINGS = YES;
				SWIFT_VERSION = 5.0;
			};
			name = Debug;
		};
		9AD178772B8621DB00E16024 /* Release */ = {
			isa = XCBuildConfiguration;
			buildSettings = {
				ASSETCATALOG_COMPILER_APPICON_NAME = AppIcon;
				ASSETCATALOG_COMPILER_GLOBAL_ACCENT_COLOR_NAME = AccentColor;
				CODE_SIGN_ENTITLEMENTS = MaterialetteSwift/MaterialetteSwift.entitlements;
				CODE_SIGN_STYLE = Automatic;
				COMBINE_HIDPI_IMAGES = YES;
				CURRENT_PROJECT_VERSION = 1;
				DEAD_CODE_STRIPPING = YES;
				DEVELOPMENT_ASSET_PATHS = "\"MaterialetteSwift/Preview Content\"";
				DEVELOPMENT_TEAM = 4TKLNR8V2J;
				ENABLE_HARDENED_RUNTIME = YES;
				ENABLE_PREVIEWS = YES;
				GENERATE_INFOPLIST_FILE = YES;
				INFOPLIST_KEY_LSApplicationCategoryType = "public.app-category.productivity";
				INFOPLIST_KEY_LSUIElement = YES;
				INFOPLIST_KEY_NSHumanReadableCopyright = "";
				LD_RUNPATH_SEARCH_PATHS = (
					"$(inherited)",
					"@executable_path/../Frameworks",
				);
				MARKETING_VERSION = 1.1.1;
				PRODUCT_BUNDLE_IDENTIFIER = lott.MaterialetteSwift;
				PRODUCT_NAME = "$(TARGET_NAME)";
				SWIFT_EMIT_LOC_STRINGS = YES;
				SWIFT_VERSION = 5.0;
			};
			name = Release;
		};
		9AD178792B8621DB00E16024 /* Debug */ = {
			isa = XCBuildConfiguration;
			buildSettings = {
				ALWAYS_EMBED_SWIFT_STANDARD_LIBRARIES = YES;
				BUNDLE_LOADER = "$(TEST_HOST)";
				CODE_SIGN_STYLE = Automatic;
				CURRENT_PROJECT_VERSION = 1;
				DEAD_CODE_STRIPPING = YES;
				DEVELOPMENT_TEAM = 4TKLNR8V2J;
				GENERATE_INFOPLIST_FILE = YES;
				MACOSX_DEPLOYMENT_TARGET = 14.2;
				MARKETING_VERSION = 1.0;
				PRODUCT_BUNDLE_IDENTIFIER = lott.MaterialetteSwiftTests;
				PRODUCT_NAME = "$(TARGET_NAME)";
				SWIFT_EMIT_LOC_STRINGS = NO;
				SWIFT_VERSION = 5.0;
				TEST_HOST = "$(BUILT_PRODUCTS_DIR)/MaterialetteSwift.app/$(BUNDLE_EXECUTABLE_FOLDER_PATH)/MaterialetteSwift";
			};
			name = Debug;
		};
		9AD1787A2B8621DB00E16024 /* Release */ = {
			isa = XCBuildConfiguration;
			buildSettings = {
				ALWAYS_EMBED_SWIFT_STANDARD_LIBRARIES = YES;
				BUNDLE_LOADER = "$(TEST_HOST)";
				CODE_SIGN_STYLE = Automatic;
				CURRENT_PROJECT_VERSION = 1;
				DEAD_CODE_STRIPPING = YES;
				DEVELOPMENT_TEAM = 4TKLNR8V2J;
				GENERATE_INFOPLIST_FILE = YES;
				MACOSX_DEPLOYMENT_TARGET = 14.2;
				MARKETING_VERSION = 1.0;
				PRODUCT_BUNDLE_IDENTIFIER = lott.MaterialetteSwiftTests;
				PRODUCT_NAME = "$(TARGET_NAME)";
				SWIFT_EMIT_LOC_STRINGS = NO;
				SWIFT_VERSION = 5.0;
				TEST_HOST = "$(BUILT_PRODUCTS_DIR)/MaterialetteSwift.app/$(BUNDLE_EXECUTABLE_FOLDER_PATH)/MaterialetteSwift";
			};
			name = Release;
		};
		9AD1787C2B8621DB00E16024 /* Debug */ = {
			isa = XCBuildConfiguration;
			buildSettings = {
				ALWAYS_EMBED_SWIFT_STANDARD_LIBRARIES = YES;
				CODE_SIGN_STYLE = Automatic;
				CURRENT_PROJECT_VERSION = 1;
				DEAD_CODE_STRIPPING = YES;
				DEVELOPMENT_TEAM = 4TKLNR8V2J;
				GENERATE_INFOPLIST_FILE = YES;
				MARKETING_VERSION = 1.0;
				PRODUCT_BUNDLE_IDENTIFIER = lott.MaterialetteSwiftUITests;
				PRODUCT_NAME = "$(TARGET_NAME)";
				SWIFT_EMIT_LOC_STRINGS = NO;
				SWIFT_VERSION = 5.0;
				TEST_TARGET_NAME = MaterialetteSwift;
			};
			name = Debug;
		};
		9AD1787D2B8621DB00E16024 /* Release */ = {
			isa = XCBuildConfiguration;
			buildSettings = {
				ALWAYS_EMBED_SWIFT_STANDARD_LIBRARIES = YES;
				CODE_SIGN_STYLE = Automatic;
				CURRENT_PROJECT_VERSION = 1;
				DEAD_CODE_STRIPPING = YES;
				DEVELOPMENT_TEAM = 4TKLNR8V2J;
				GENERATE_INFOPLIST_FILE = YES;
				MARKETING_VERSION = 1.0;
				PRODUCT_BUNDLE_IDENTIFIER = lott.MaterialetteSwiftUITests;
				PRODUCT_NAME = "$(TARGET_NAME)";
				SWIFT_EMIT_LOC_STRINGS = NO;
				SWIFT_VERSION = 5.0;
				TEST_TARGET_NAME = MaterialetteSwift;
			};
			name = Release;
		};
/* End XCBuildConfiguration section */

/* Begin XCConfigurationList section */
		9AD1784B2B8621DA00E16024 /* Build configuration list for PBXProject "MaterialetteSwift" */ = {
			isa = XCConfigurationList;
			buildConfigurations = (
				9AD178732B8621DB00E16024 /* Debug */,
				9AD178742B8621DB00E16024 /* Release */,
			);
			defaultConfigurationIsVisible = 0;
			defaultConfigurationName = Release;
		};
		9AD178752B8621DB00E16024 /* Build configuration list for PBXNativeTarget "MaterialetteSwift" */ = {
			isa = XCConfigurationList;
			buildConfigurations = (
				9AD178762B8621DB00E16024 /* Debug */,
				9AD178772B8621DB00E16024 /* Release */,
			);
			defaultConfigurationIsVisible = 0;
			defaultConfigurationName = Release;
		};
		9AD178782B8621DB00E16024 /* Build configuration list for PBXNativeTarget "MaterialetteSwiftTests" */ = {
			isa = XCConfigurationList;
			buildConfigurations = (
				9AD178792B8621DB00E16024 /* Debug */,
				9AD1787A2B8621DB00E16024 /* Release */,
			);
			defaultConfigurationIsVisible = 0;
			defaultConfigurationName = Release;
		};
		9AD1787B2B8621DB00E16024 /* Build configuration list for PBXNativeTarget "MaterialetteSwiftUITests" */ = {
			isa = XCConfigurationList;
			buildConfigurations = (
				9AD1787C2B8621DB00E16024 /* Debug */,
				9AD1787D2B8621DB00E16024 /* Release */,
			);
			defaultConfigurationIsVisible = 0;
			defaultConfigurationName = Release;
		};
/* End XCConfigurationList section */
	};
	rootObject = 9AD178482B8621DA00E16024 /* Project object */;
}
